
Microsoft Visual Studio Solution File, Format Version 12.00
# Visual Studio 15
VisualStudioVersion = 15.0.27130.2036
MinimumVisualStudioVersion = 10.0.40219.1
Project("{FAE04EC0-301F-11D3-BF4B-00C04F79EFBC}") = "ESFA.DC.ILR.ValidationService.Rules", "ESFA.DC.ILR.ValidationService.Rules\ESFA.DC.ILR.ValidationService.Rules.csproj", "{621B61D1-339D-4910-8C86-8A64AF8822F5}"
EndProject
Project("{FAE04EC0-301F-11D3-BF4B-00C04F79EFBC}") = "ESFA.DC.ILR.ValidationService.Interface", "ESFA.DC.ILR.ValidationService.Interface\ESFA.DC.ILR.ValidationService.Interface.csproj", "{513C4F05-55F4-4AEF-B3EB-427C024DA043}"
EndProject
Project("{FAE04EC0-301F-11D3-BF4B-00C04F79EFBC}") = "ESFA.DC.ILR.ValidationService.Rules.Tests", "ESFA.DC.ILR.ValidationService.Rules.Tests\ESFA.DC.ILR.ValidationService.Rules.Tests.csproj", "{754EEC2F-826D-46CC-80C0-A0A006CA7CE9}"
EndProject
Project("{FAE04EC0-301F-11D3-BF4B-00C04F79EFBC}") = "ESFA.DC.ILR.ValidationService.RuleSet", "ESFA.DC.ILR.ValidationService.RuleSet\ESFA.DC.ILR.ValidationService.RuleSet.csproj", "{EBE0154D-6F8B-4DBB-A18F-4929AB74D204}"
EndProject
Project("{FAE04EC0-301F-11D3-BF4B-00C04F79EFBC}") = "ESFA.DC.ILR.ValidationService.RuleSet.Tests", "ESFA.DC.ILR.ValidationService.RuleSet.Tests\ESFA.DC.ILR.ValidationService.RuleSet.Tests.csproj", "{72006714-411D-4D25-93FA-C9B78ED98B35}"
EndProject
Project("{FAE04EC0-301F-11D3-BF4B-00C04F79EFBC}") = "ESFA.DC.ILR.ValidationService.Console", "ESFA.DC.ILR.ValidationService.Console\ESFA.DC.ILR.ValidationService.Console.csproj", "{F58EEBEC-3DB3-4096-8B68-FC3C09A80400}"
EndProject
Project("{FAE04EC0-301F-11D3-BF4B-00C04F79EFBC}") = "ESFA.DC.ILR.ValidationService.Modules", "ESFA.DC.ILR.ValidationService.Modules\ESFA.DC.ILR.ValidationService.Modules.csproj", "{0D9D2578-347B-4DAB-85AD-C3A271A31209}"
EndProject
Project("{FAE04EC0-301F-11D3-BF4B-00C04F79EFBC}") = "ESFA.DC.ILR.ValidationService.RuleSet.Modules", "ESFA.DC.ILR.ValidationService.RuleSet.Modules\ESFA.DC.ILR.ValidationService.RuleSet.Modules.csproj", "{E2D0F0D5-D9C8-41FE-B0DF-481DD5AA77CF}"
EndProject
Project("{FAE04EC0-301F-11D3-BF4B-00C04F79EFBC}") = "ESFA.DC.ILR.ValidationService.RuleSet.Modules.Tests", "ESFA.DC.ILR.ValidationService.RuleSet.Modules.Tests\ESFA.DC.ILR.ValidationService.RuleSet.Modules.Tests.csproj", "{42079B65-872C-413C-8868-FBEDF1065180}"
EndProject
Project("{9A19103F-16F7-4668-BE54-9A1E7A4F7556}") = "ESFA.DC.ILR.ValidationService.Data", "ESFA.DC.ILR.ValidationService.Data\ESFA.DC.ILR.ValidationService.Data.csproj", "{FAACF863-EB2E-473F-8EF9-F7FA9613F556}"
EndProject
Project("{FAE04EC0-301F-11D3-BF4B-00C04F79EFBC}") = "ESFA.DC.ILR.ValidationService.Data.Population", "ESFA.DC.ILR.ValidationService.Data.Population\ESFA.DC.ILR.ValidationService.Data.Population.csproj", "{ACACD78D-34BD-45A9-A756-C637CB8987A7}"
EndProject
Project("{FAE04EC0-301F-11D3-BF4B-00C04F79EFBC}") = "ESFA.DC.ILR.ValidationService.Data.Tests", "ESFA.DC.ILR.ValidationService.Data.Tests\ESFA.DC.ILR.ValidationService.Data.Tests.csproj", "{F8415CB1-6E85-4E4C-AAE9-B1490802FC76}"
EndProject
Project("{FAE04EC0-301F-11D3-BF4B-00C04F79EFBC}") = "ESFA.DC.ILR.ValidationService.Data.Population.Tests", "ESFA.DC.ILR.ValidationService.Data.Population.Tests\ESFA.DC.ILR.ValidationService.Data.Population.Tests.csproj", "{BF5DE04C-B644-47B9-9329-1F62272B41F0}"
EndProject
Project("{FAE04EC0-301F-11D3-BF4B-00C04F79EFBC}") = "ESFA.DC.ILR.ValidationService.Stubs", "ESFA.DC.ILR.ValidationService.Stubs\ESFA.DC.ILR.ValidationService.Stubs.csproj", "{BA81EBE1-6C72-454E-85D5-761B13911B82}"
EndProject
Project("{FAE04EC0-301F-11D3-BF4B-00C04F79EFBC}") = "ESFA.DC.ILR.ValidationService.AcceptanceTests", "ESFA.DC.ILR.ValidationService.AcceptanceTests\ESFA.DC.ILR.ValidationService.AcceptanceTests.csproj", "{F928E5E4-5B66-40FE-9578-E8DFF1D6B07F}"
EndProject
Global
	GlobalSection(SolutionConfigurationPlatforms) = preSolution
		Debug|Any CPU = Debug|Any CPU
		Release|Any CPU = Release|Any CPU
	EndGlobalSection
	GlobalSection(ProjectConfigurationPlatforms) = postSolution
		{621B61D1-339D-4910-8C86-8A64AF8822F5}.Debug|Any CPU.ActiveCfg = Debug|Any CPU
		{621B61D1-339D-4910-8C86-8A64AF8822F5}.Debug|Any CPU.Build.0 = Debug|Any CPU
		{621B61D1-339D-4910-8C86-8A64AF8822F5}.Release|Any CPU.ActiveCfg = Release|Any CPU
		{621B61D1-339D-4910-8C86-8A64AF8822F5}.Release|Any CPU.Build.0 = Release|Any CPU
		{513C4F05-55F4-4AEF-B3EB-427C024DA043}.Debug|Any CPU.ActiveCfg = Debug|Any CPU
		{513C4F05-55F4-4AEF-B3EB-427C024DA043}.Debug|Any CPU.Build.0 = Debug|Any CPU
		{513C4F05-55F4-4AEF-B3EB-427C024DA043}.Release|Any CPU.ActiveCfg = Release|Any CPU
		{513C4F05-55F4-4AEF-B3EB-427C024DA043}.Release|Any CPU.Build.0 = Release|Any CPU
		{754EEC2F-826D-46CC-80C0-A0A006CA7CE9}.Debug|Any CPU.ActiveCfg = Debug|Any CPU
		{754EEC2F-826D-46CC-80C0-A0A006CA7CE9}.Debug|Any CPU.Build.0 = Debug|Any CPU
		{754EEC2F-826D-46CC-80C0-A0A006CA7CE9}.Release|Any CPU.ActiveCfg = Release|Any CPU
		{754EEC2F-826D-46CC-80C0-A0A006CA7CE9}.Release|Any CPU.Build.0 = Release|Any CPU
		{EBE0154D-6F8B-4DBB-A18F-4929AB74D204}.Debug|Any CPU.ActiveCfg = Debug|Any CPU
		{EBE0154D-6F8B-4DBB-A18F-4929AB74D204}.Debug|Any CPU.Build.0 = Debug|Any CPU
		{EBE0154D-6F8B-4DBB-A18F-4929AB74D204}.Release|Any CPU.ActiveCfg = Release|Any CPU
		{EBE0154D-6F8B-4DBB-A18F-4929AB74D204}.Release|Any CPU.Build.0 = Release|Any CPU
		{72006714-411D-4D25-93FA-C9B78ED98B35}.Debug|Any CPU.ActiveCfg = Debug|Any CPU
		{72006714-411D-4D25-93FA-C9B78ED98B35}.Debug|Any CPU.Build.0 = Debug|Any CPU
		{72006714-411D-4D25-93FA-C9B78ED98B35}.Release|Any CPU.ActiveCfg = Release|Any CPU
		{72006714-411D-4D25-93FA-C9B78ED98B35}.Release|Any CPU.Build.0 = Release|Any CPU
		{F58EEBEC-3DB3-4096-8B68-FC3C09A80400}.Debug|Any CPU.ActiveCfg = Debug|Any CPU
		{F58EEBEC-3DB3-4096-8B68-FC3C09A80400}.Debug|Any CPU.Build.0 = Debug|Any CPU
		{F58EEBEC-3DB3-4096-8B68-FC3C09A80400}.Release|Any CPU.ActiveCfg = Release|Any CPU
		{F58EEBEC-3DB3-4096-8B68-FC3C09A80400}.Release|Any CPU.Build.0 = Release|Any CPU
		{0D9D2578-347B-4DAB-85AD-C3A271A31209}.Debug|Any CPU.ActiveCfg = Debug|Any CPU
		{0D9D2578-347B-4DAB-85AD-C3A271A31209}.Debug|Any CPU.Build.0 = Debug|Any CPU
		{0D9D2578-347B-4DAB-85AD-C3A271A31209}.Release|Any CPU.ActiveCfg = Release|Any CPU
		{0D9D2578-347B-4DAB-85AD-C3A271A31209}.Release|Any CPU.Build.0 = Release|Any CPU
		{E2D0F0D5-D9C8-41FE-B0DF-481DD5AA77CF}.Debug|Any CPU.ActiveCfg = Debug|Any CPU
		{E2D0F0D5-D9C8-41FE-B0DF-481DD5AA77CF}.Debug|Any CPU.Build.0 = Debug|Any CPU
		{E2D0F0D5-D9C8-41FE-B0DF-481DD5AA77CF}.Release|Any CPU.ActiveCfg = Release|Any CPU
		{E2D0F0D5-D9C8-41FE-B0DF-481DD5AA77CF}.Release|Any CPU.Build.0 = Release|Any CPU
		{42079B65-872C-413C-8868-FBEDF1065180}.Debug|Any CPU.ActiveCfg = Debug|Any CPU
		{42079B65-872C-413C-8868-FBEDF1065180}.Debug|Any CPU.Build.0 = Debug|Any CPU
		{42079B65-872C-413C-8868-FBEDF1065180}.Release|Any CPU.ActiveCfg = Release|Any CPU
		{42079B65-872C-413C-8868-FBEDF1065180}.Release|Any CPU.Build.0 = Release|Any CPU
		{FAACF863-EB2E-473F-8EF9-F7FA9613F556}.Debug|Any CPU.ActiveCfg = Debug|Any CPU
		{FAACF863-EB2E-473F-8EF9-F7FA9613F556}.Debug|Any CPU.Build.0 = Debug|Any CPU
		{FAACF863-EB2E-473F-8EF9-F7FA9613F556}.Release|Any CPU.ActiveCfg = Release|Any CPU
		{FAACF863-EB2E-473F-8EF9-F7FA9613F556}.Release|Any CPU.Build.0 = Release|Any CPU
		{ACACD78D-34BD-45A9-A756-C637CB8987A7}.Debug|Any CPU.ActiveCfg = Debug|Any CPU
		{ACACD78D-34BD-45A9-A756-C637CB8987A7}.Debug|Any CPU.Build.0 = Debug|Any CPU
		{ACACD78D-34BD-45A9-A756-C637CB8987A7}.Release|Any CPU.ActiveCfg = Release|Any CPU
		{ACACD78D-34BD-45A9-A756-C637CB8987A7}.Release|Any CPU.Build.0 = Release|Any CPU
		{F8415CB1-6E85-4E4C-AAE9-B1490802FC76}.Debug|Any CPU.ActiveCfg = Debug|Any CPU
		{F8415CB1-6E85-4E4C-AAE9-B1490802FC76}.Debug|Any CPU.Build.0 = Debug|Any CPU
		{F8415CB1-6E85-4E4C-AAE9-B1490802FC76}.Release|Any CPU.ActiveCfg = Release|Any CPU
		{F8415CB1-6E85-4E4C-AAE9-B1490802FC76}.Release|Any CPU.Build.0 = Release|Any CPU
		{BF5DE04C-B644-47B9-9329-1F62272B41F0}.Debug|Any CPU.ActiveCfg = Debug|Any CPU
		{BF5DE04C-B644-47B9-9329-1F62272B41F0}.Debug|Any CPU.Build.0 = Debug|Any CPU
		{BF5DE04C-B644-47B9-9329-1F62272B41F0}.Release|Any CPU.ActiveCfg = Release|Any CPU
		{BF5DE04C-B644-47B9-9329-1F62272B41F0}.Release|Any CPU.Build.0 = Release|Any CPU
		{BA81EBE1-6C72-454E-85D5-761B13911B82}.Debug|Any CPU.ActiveCfg = Debug|Any CPU
		{BA81EBE1-6C72-454E-85D5-761B13911B82}.Debug|Any CPU.Build.0 = Debug|Any CPU
		{BA81EBE1-6C72-454E-85D5-761B13911B82}.Release|Any CPU.ActiveCfg = Release|Any CPU
		{BA81EBE1-6C72-454E-85D5-761B13911B82}.Release|Any CPU.Build.0 = Release|Any CPU
		{F928E5E4-5B66-40FE-9578-E8DFF1D6B07F}.Debug|Any CPU.ActiveCfg = Debug|Any CPU
		{F928E5E4-5B66-40FE-9578-E8DFF1D6B07F}.Debug|Any CPU.Build.0 = Debug|Any CPU
		{F928E5E4-5B66-40FE-9578-E8DFF1D6B07F}.Release|Any CPU.ActiveCfg = Release|Any CPU
		{F928E5E4-5B66-40FE-9578-E8DFF1D6B07F}.Release|Any CPU.Build.0 = Release|Any CPU
	EndGlobalSection
	GlobalSection(SolutionProperties) = preSolution
		HideSolutionNode = FALSE
	EndGlobalSection
	GlobalSection(ExtensibilityGlobals) = postSolution
		SolutionGuid = {E07A096E-09B9-4C13-AEBD-1B9654765419}
	EndGlobalSection
	GlobalSection(Performance) = preSolution
		HasPerformanceSessions = true
	EndGlobalSection
	GlobalSection(Performance) = preSolution
		HasPerformanceSessions = true
	EndGlobalSection
	GlobalSection(Performance) = preSolution
		HasPerformanceSessions = true
	EndGlobalSection
	GlobalSection(Performance) = preSolution
		HasPerformanceSessions = true
	EndGlobalSection
EndGlobal
